{
  "projects": [
    {
      "projectId": "ohDidvG9XsCeFumugENU3J",
      "version": "6.29.0",
      "dependencies": {},
      "lang": "ts",
      "fileLocks": [
        {
          "assetId": "ohDidvG9XsCeFumugENU3J",
          "type": "projectCss",
          "checksum": "ba2a60a163fca4f4d510275088a2be53"
        },
        {
          "assetId": "ohDidvG9XsCeFumugENU3J",
          "checksum": "de0a0e65174a6a185a8f822af51c6bdd",
          "type": "globalContexts"
        }
      ],
      "codegenVersion": "0.0.1"
    },
    {
      "projectId": "gmeH6XgPaBtkt51HunAo4g",
      "version": "18.15.0",
      "dependencies": {},
      "lang": "ts",
      "fileLocks": [
        {
          "assetId": "gmeH6XgPaBtkt51HunAo4g",
          "type": "projectCss",
          "checksum": "1c02168c6b23256606111fdfdbb63549"
        }
      ],
      "codegenVersion": "0.0.1"
    },
    {
      "projectId": "szjgMQpPpxhmkjnaBvZQJG",
      "version": "2.28.0",
      "dependencies": {},
      "lang": "ts",
      "fileLocks": [
        {
          "assetId": "szjgMQpPpxhmkjnaBvZQJG",
          "type": "projectCss",
          "checksum": "72ff85f8dbd01d559ad13ce12accad86"
        }
      ],
      "codegenVersion": "0.0.1"
    },
    {
      "projectId": "84wxoth5npGrp6RRXPL88z",
      "version": "4.30.0",
      "dependencies": {},
      "lang": "ts",
      "fileLocks": [
        {
          "assetId": "84wxoth5npGrp6RRXPL88z",
          "type": "projectCss",
          "checksum": "aedf7b9afd779b089be209519ad30e96"
        },
        {
          "assetId": "84wxoth5npGrp6RRXPL88z",
          "checksum": "14e34fc8ee04382a88f671116234a1e3",
          "type": "globalContexts"
        }
      ],
      "codegenVersion": "0.0.1"
    },
    {
      "projectId": "enk3K4vZ6pmH6kVCoZJXGn",
      "version": "4.26.0",
      "dependencies": {},
      "lang": "ts",
      "fileLocks": [
        {
          "assetId": "enk3K4vZ6pmH6kVCoZJXGn",
          "type": "projectCss",
          "checksum": "67c68b20701026439269d7beebecfc49"
        }
      ],
      "codegenVersion": "0.0.1"
    },
    {
      "projectId": "caTPwKxj5ZrD9LQ7DMdK4Z",
      "version": "3.40.0",
      "dependencies": {},
      "lang": "ts",
      "fileLocks": [
        {
          "assetId": "caTPwKxj5ZrD9LQ7DMdK4Z",
          "type": "projectCss",
          "checksum": "1c02168c6b23256606111fdfdbb63549"
        }
      ],
      "codegenVersion": "0.0.1"
    },
    {
      "projectId": "quDeq6xe5KMiTCfKiiLfyW",
      "version": "latest",
      "dependencies": {
        "caTPwKxj5ZrD9LQ7DMdK4Z": "3.40.0",
        "enk3K4vZ6pmH6kVCoZJXGn": "4.26.0",
        "84wxoth5npGrp6RRXPL88z": "4.30.0",
        "szjgMQpPpxhmkjnaBvZQJG": "2.28.0",
        "gmeH6XgPaBtkt51HunAo4g": "18.15.0",
        "ohDidvG9XsCeFumugENU3J": "6.29.0",
        "58GpZjZCWTaJ8AUhpCwt2K": "3.28.0",
        "r3ASNrnyvLLLAtDvzUioQ": "4.8.0"
      },
      "lang": "ts",
      "fileLocks": [
        {
          "type": "globalVariant",
          "assetId": "eoIIho6UI3KX",
          "checksum": "65b787c1e04ed00d7add726654a52f84"
        },
        {
          "assetId": "quDeq6xe5KMiTCfKiiLfyW",
          "checksum": "77ef281198c1cf836fb5868e691d9937",
          "type": "globalContexts"
        },
        {
          "type": "renderModule",
          "assetId": "qxP_mbabQsLJ",
          "checksum": "56e6598709e20ef9a266ad2bcefe8273"
        },
        {
          "type": "cssRules",
          "assetId": "qxP_mbabQsLJ",
          "checksum": "56e6598709e20ef9a266ad2bcefe8273"
        },
        {
          "type": "renderModule",
          "assetId": "0EHALpIu9wa4",
          "checksum": "a9935e6d208a672c9387584f77b543b4"
        },
        {
          "type": "cssRules",
          "assetId": "0EHALpIu9wa4",
          "checksum": "a9935e6d208a672c9387584f77b543b4"
        },
        {
          "type": "renderModule",
          "assetId": "XnjXtIWN8Mpf",
          "checksum": "eb72bbad60b2c82ac33de5f50b981c6f"
        },
        {
          "type": "cssRules",
          "assetId": "XnjXtIWN8Mpf",
          "checksum": "eb72bbad60b2c82ac33de5f50b981c6f"
        },
        {
          "type": "renderModule",
          "assetId": "uBHYOO-5nmaV",
          "checksum": "d50c68dd7f29a5fa010866565a1701c9"
        },
        {
          "type": "cssRules",
          "assetId": "uBHYOO-5nmaV",
          "checksum": "d50c68dd7f29a5fa010866565a1701c9"
        },
        {
          "type": "renderModule",
          "assetId": "gcpmzTU7M7CU",
          "checksum": "833646b1f9e689089c8a7da18acbb054"
        },
        {
          "type": "cssRules",
          "assetId": "gcpmzTU7M7CU",
          "checksum": "833646b1f9e689089c8a7da18acbb054"
        },
        {
          "type": "icon",
          "assetId": "kRrkkxwaHN8d",
          "checksum": "be7eaf9dd077bf5442435753342df05b"
        },
        {
          "type": "icon",
          "assetId": "V1vTcJ7LDU0C",
          "checksum": "79dac0483da901de4046a0dd851ddcfd"
        },
        {
          "type": "icon",
          "assetId": "Z93vWIe_4pqs",
          "checksum": "7c4d6fc406fa7e50dcd996b41b955616"
        },
        {
          "type": "icon",
          "assetId": "BwyLbx4ji86E",
          "checksum": "dae116f3222b2675c7df667eb3849dfa"
        },
        {
          "type": "icon",
          "assetId": "PIXAzqbnOfyz",
          "checksum": "733fb3bac1c9cbb2123a620ae57791b5"
        },
        {
          "type": "icon",
          "assetId": "oRFoTF1kvTrk",
          "checksum": "824bf27ee89f5f7aa56669e5083fc4e3"
        },
        {
          "type": "icon",
          "assetId": "G90KffN5B1H9",
          "checksum": "52d9b7235bbc8c4d26231dd7883b12f4"
        },
        {
          "type": "icon",
          "assetId": "-Od_nWjqFkq9",
          "checksum": "b42a54dec5674853d60fc05e2d8cfae9"
        },
        {
          "type": "image",
          "assetId": "A2NjeYOehFSm",
          "checksum": "084c3c75588c04e36d27f3f539afc956"
        },
        {
          "type": "image",
          "assetId": "bQXinDvF8Pw5",
          "checksum": "5f30d0b7b9ab9acd7ecf7c97e549d944"
        },
        {
          "type": "image",
          "assetId": "ShbHZBAqdoLq",
          "checksum": "e716ad2447e52aefc1d009b34741cab6"
        },
        {
          "type": "image",
          "assetId": "2h-6jTqXkiBX",
          "checksum": "cc61b0889967189e584f0ec12615f16c"
        },
        {
          "type": "image",
          "assetId": "JfjcDpDnUjM6",
          "checksum": "80628d9e41d6d103bd10926ac2441a65"
        },
        {
          "type": "image",
          "assetId": "QOF0Lqz5R8dR",
          "checksum": "20debba50d6da1041d0c1b10b4dd5fd3"
        },
        {
          "type": "image",
          "assetId": "BwFNJ4-b_bro",
          "checksum": "5f9cd2c938a0fd06c19105c880a6b025"
        },
        {
          "type": "image",
          "assetId": "Xq-4Afw4a9wd",
          "checksum": "63fd36b729ca16dd302b3d0d110c020d"
        },
        {
          "type": "image",
          "assetId": "PR57NAmCO10a",
          "checksum": "0509fff6fddaa3b441591c3f9be31cb9"
        },
        {
          "type": "image",
          "assetId": "dnRXGWNNAVG2",
          "checksum": "59b0fd89193c38aea090e1badd191ea0"
        },
        {
          "type": "image",
          "assetId": "p8dstQN1itgu",
          "checksum": "c6a927e05676e9a95a081ebf1561ed75"
        },
        {
          "type": "image",
          "assetId": "_-L8xBPyZQLx",
          "checksum": "7fe521ae0542567d5ef555740beba305"
        },
        {
          "type": "image",
          "assetId": "toGqKUDpyvUD",
          "checksum": "e3f9fde2f3917ac9a21a66bb2cc4bdcc"
        },
        {
          "type": "image",
          "assetId": "t1ODUH799B-I",
          "checksum": "c467ae2b3359db0830877d3c947c217a"
        },
        {
          "type": "image",
          "assetId": "1h_ymTkehPZ2",
          "checksum": "c4079333373d34dd498c2dde38896b27"
        },
        {
          "type": "image",
          "assetId": "XpENWpt7kavX",
          "checksum": "24c2d41a56c56533e0fefb3c40b8dd07"
        },
        {
          "type": "image",
          "assetId": "LM__ABEdUR_P",
          "checksum": "2503b2a8cdb6e8568504b7e9524415b0"
        },
        {
          "type": "image",
          "assetId": "Na4ESb7rj7cY",
          "checksum": "4efe32c954b11ae8a933cfc7c6e48d0f"
        },
        {
          "type": "image",
          "assetId": "QvzB27RkmwXU",
          "checksum": "fd35cec8ddde498a1387a3599e49ef81"
        },
        {
          "type": "image",
          "assetId": "Uaeabf8vlDlG",
          "checksum": "b84eca857f9ab3fb7d6a546d67d9463a"
        },
        {
          "type": "image",
          "assetId": "AFg3yb3Szu93",
          "checksum": "983d574e6595a5d46a2ac05635efc8f3"
        },
        {
          "type": "image",
          "assetId": "UdI3Ro-2PGMd",
          "checksum": "7e10a4ba1dd705d6e7ea196bd08df1ac"
        },
        {
          "type": "image",
          "assetId": "JYK4kGCNG16M",
          "checksum": "2e09bc5e1a41420369efe4ce3652efaa"
        },
        {
          "type": "image",
          "assetId": "TjUwGXrSbx3h",
          "checksum": "6c8e2db10b1f29986e7435f489f0a67f"
        },
        {
          "type": "image",
          "assetId": "aGG_IfwcDOZ1",
          "checksum": "d69e66712931e1b35725d2d677e9b560"
        },
        {
          "type": "image",
          "assetId": "2qYbBkmVRel-",
          "checksum": "4f4680769bfdaafb62afe5d7ae3ab11d"
        },
        {
          "type": "renderModule",
          "assetId": "NU2jQ6vkLZ4_",
          "checksum": "21f37edf9ca7c556bbbce12c1b960d8b"
        },
        {
          "type": "cssRules",
          "assetId": "NU2jQ6vkLZ4_",
          "checksum": "21f37edf9ca7c556bbbce12c1b960d8b"
        },
        {
          "type": "renderModule",
          "assetId": "X2cqL1Cthc0K",
          "checksum": "94e2ea1e0e98000fead24d96fc5277f1"
        },
        {
          "type": "cssRules",
          "assetId": "X2cqL1Cthc0K",
          "checksum": "94e2ea1e0e98000fead24d96fc5277f1"
        },
        {
          "type": "renderModule",
          "assetId": "tAA3tg-kIQ8L",
          "checksum": "13c5d9beb5fc5c15780a25fb17b84454"
        },
        {
          "type": "cssRules",
          "assetId": "tAA3tg-kIQ8L",
          "checksum": "13c5d9beb5fc5c15780a25fb17b84454"
        },
        {
          "type": "image",
          "assetId": "MqnVgpdQH609",
          "checksum": "4fff8afd1ca96c94477d507550bd71f2"
        },
        {
          "type": "image",
          "assetId": "jGOEA4oE0cx-",
          "checksum": "19cd8a102ce670800562e5d6d5274bbf"
        },
        {
          "type": "image",
          "assetId": "tgGd239tQYZq",
          "checksum": "e628c506c8adcba3cb6240f42fb7699b"
        },
        {
          "type": "image",
          "assetId": "dCgbqhVVBpft",
          "checksum": "078fd3c354c7689a60ef4563fb51a279"
        },
        {
          "type": "image",
          "assetId": "z0tLKVsuZlVM",
          "checksum": "137f795b17424ccbfbddd6bf983f16c0"
        },
        {
          "type": "image",
          "assetId": "F_ut562Jpy8t",
          "checksum": "48ea57a4bc1b8131683db7d04c509b15"
        },
        {
          "type": "image",
          "assetId": "PdmJs_rP47TC",
          "checksum": "3857660dc215ca32bdb9ad238b880fe7"
        },
        {
          "type": "image",
          "assetId": "QNEd7BX5HTLN",
          "checksum": "00e4362f8bdabf5ed5a7a8d48789bf99"
        },
        {
          "type": "image",
          "assetId": "x7O229RHOb8P",
          "checksum": "ecad401d1cb899b2634bedb77aab086c"
        },
        {
          "type": "image",
          "assetId": "5uYayxXXuErU",
          "checksum": "00895b1ddc74f2b54e061706b398fdcd"
        },
        {
          "type": "image",
          "assetId": "H_6pZ4Ox-qlW",
          "checksum": "90df7c8a275af79ee50d262af6e26c92"
        },
        {
          "assetId": "quDeq6xe5KMiTCfKiiLfyW",
          "type": "projectCss",
          "checksum": "19e530814d730a04d8b7a2fd9aad839e"
        }
      ],
      "codegenVersion": "0.0.1"
    },
    {
      "projectId": "r3ASNrnyvLLLAtDvzUioQ",
      "version": "4.8.0",
      "dependencies": {},
      "lang": "ts",
      "fileLocks": [
        {
          "assetId": "r3ASNrnyvLLLAtDvzUioQ",
          "type": "projectCss",
          "checksum": "1c02168c6b23256606111fdfdbb63549"
        }
      ],
      "codegenVersion": "0.0.1"
    },
    {
      "projectId": "58GpZjZCWTaJ8AUhpCwt2K",
      "version": "3.28.0",
      "dependencies": {},
      "lang": "ts",
      "fileLocks": [
        {
          "assetId": "58GpZjZCWTaJ8AUhpCwt2K",
          "type": "projectCss",
          "checksum": "f0469e206244772473ab64f50be898f9"
        }
      ],
      "codegenVersion": "0.0.1"
    }
  ],
  "cliVersion": "0.1.336"
}
